{
  "version": 4,
  "terraform_version": "1.1.6",
  "serial": 620,
  "lineage": "2a7d05ec-9a3f-f9fe-c098-370f9ee997b8",
  "outputs": {},
  "resources": [
    {
      "mode": "managed",
      "type": "yandex_compute_instance_group",
      "name": "http",
      "provider": "provider[\"registry.terraform.io/yandex-cloud/yandex\"]",
      "instances": [
        {
          "schema_version": 0,
          "attributes": {
            "allocation_policy": [
              {
                "zones": [
                  "ru-central1-a",
                  "ru-central1-b"
                ]
              }
            ],
            "application_load_balancer": [
              {
                "max_opening_traffic_duration": 0,
                "status_message": "",
                "target_group_description": "load balancer target group",
                "target_group_id": "ds7sqqo475vlc2luor5r",
                "target_group_labels": {},
                "target_group_name": "target-group"
              }
            ],
            "created_at": "2022-07-18T12:10:47Z",
            "deletion_protection": false,
            "deploy_policy": [
              {
                "max_creating": 0,
                "max_deleting": 0,
                "max_expansion": 0,
                "max_unavailable": 1,
                "startup_duration": 0,
                "strategy": "proactive"
              }
            ],
            "description": "",
            "folder_id": "b1gfvhkruu80dhlor8th",
            "health_check": [],
            "id": "cl1ikde1u8d3vrt9qke3",
            "instance_template": [
              {
                "boot_disk": [
                  {
                    "device_name": "",
                    "disk_id": "",
                    "initialize_params": [
                      {
                        "description": "",
                        "image_id": "fd8f1tik9a7ap9ik2dg1",
                        "size": 15,
                        "snapshot_id": "",
                        "type": "network-hdd"
                      }
                    ],
                    "mode": "READ_WRITE"
                  }
                ],
                "description": "",
                "hostname": "",
                "labels": {},
                "metadata": {
                  "user-data": "#cloud-config\nusers:\n - name: alx\n   groups: sudo\n   shell: /bin/bash\n   sudo: ['ALL=(ALL) NOPASSWD:ALL']\n   ssh-authorized-keys:\n     - ssh-rsa AAAAB3NzaC1yc2EAAAADAQABAAABgQDcoXvMwecrZ5GZ0UnBo1O2oByeqhzLEpUfxx15nD3W3W6qTu5Ho9T/jwLiqJU/ak2zmjrmRmnof6abBfyxm8xvN4BQNL8b9XJsEnc3HNpQgDBCdV0haGgh33IqyImCa0LX2M1oL7oQk/LDrDJPOkqgYDNLhdFI1UABvHGg2K+sYT4X6guzxXg5aXOsFC1nLLgb8R1C2Yx1UIsygXmXd/VW+tvxvSeAjnpYViYNcb3w2MztXpxDCfKqGU2idxmM1dLwIMGmfYp9+AhJD+LBEUTY8GfKKyyqMZioXivB5RNL7Kup2SaoV5oRiHmOHObjqsRgnTqPS3en7J8lnvJaQP0v2QRB0bymdlhQv2CW+ppwAYbEgV+i0cFUqkmHOOewd64Z2fvZVCeDc85cr3EgOddEXHaadsemGs7keGOShgWqg0yCxJO5W2nLTeagYIuX2GmiK2VWAtBndBbrhe1SnkYRAu/LYOXY6lmqha0Nu0GQ48yroJsqT49NNPBXtUO0BlU= alx@home\n     - ssh-rsa AAAAB3NzaC1yc2EAAAADAQABAAABgQCSHrv8OrdniqNO5R/AsesVDz3ScS0U2V3REQ33NucW1L0/YKOqFqrGGeeg7bzRaeYwMioPmRVZDpcWOql3A4kGI7suSH3tEoNW2rbzIaznfMzPJXKtBY4g9DF+6n9El3HgNVxSWTBL09ayL9QSugBgAYj/4zWmq1dxI+/Aa5HDOiOwXimVEgNwJGcFddYlroThNhybHZm/SbQsKX/m37Ld7wnNpZQg1z10hz+000SirIHED19OsRqyLODY/jCrop5p8RosX/ypsAGX28mzzO5+90LCE3wFxDcUTx9su4v3pvfyq1ClHXthvdDkOEP4/v9OIZgsPZm9kSZmC786CcRcszPkwaQH91H9lDQpqYZEOh+ZN6ycmA+KGQ4xRT716KOH6tV0fnC20LizpymJYk8IN6rqUHu//NFWqFnBtPHeXGGt3jt0UoiwYy1jpjYSKW7YXw3TiCNp//axRI6W0vLsKOMwjnp92ZOVZm3b8jPQr+MomMqsV2klzTBgJuLgf9k= alx@home\n     - ssh-rsa AAAAB3NzaC1yc2EAAAADAQABAAABgQDCcZI3fPgXWnDFnYRDncNgUMTrLMmi+OKLm0rKjidBq6JGvqfM0EHa1FHqgKgMNLL+BDnwqKGzjbCXOgNBvF9DKdvpOpVJWOFR1wdeuvIPRDS1EY+fA9e4gAKo1WIOrBIpBvB5wizmObJAvUdliB8iMx0K1UK5hC7USuc47bmU3nJ7N9OEgCYfZ/0PvThJ4qjaEg1xPhQifjz0DgY8LmaEMk++FtCliN3vCncMeIEiR858bWjSgzJn1Z3PsQPwpGCHkQXbyko/FHW1r2dqPyHbSuH7qVjc40eLrGqMJfYcCUn4xLwqwX1n9bSmSmBiWujrjbx3dcV0I+Z45KcTRuIUB/RDY5HYeqF28BiSZWoYzaKDW84iWqVg3e4BcYR9p1dNbE341zvjCcSVBEi9NHG28wqw58BTJXVIbjIBDi7MHmRSQ7qJt0BGFucLkzDgzuDDQY7matTgSmsT02diRN4W4KSDnQ0+Q2ky8tLb5wn6J4GnOclxTR/pyxB5jNLtwIE= alx@home \n     - ssh-rsa AAAAB3NzaC1yc2EAAAADAQABAAABgQDm5i8LqSwQUHdVYrBg01wVlVAxQOmfewVwtthIDlmHz5Sbt6UPFtbXnctFSk9z7ZSUeiVyFNeYONacG98O0xlynyxyq1ZPyTbqP0CQjHcqDOEaigpUhzzeivtgbgrZWZpi0JEE1UcMUSp3DO6szziNp8e4IdPdCHOPT+ZgASTZgerVCNMpFFwbLeZLD9wXN6fwk7NZUrPBGX47Jf8tIncuv5NxCe4WqW8mLYDatNI0H/f9Opn/IgIqviax6l+2NLBpV4MZ+mTBsRnjfA9DmCzgA/R0Md94IePEB3RtcaV4MYfYa7IY1fD40Beo4WWH3l5cps00WI4DPKIfKS2eQeNcfhIU0HSJiMHYVb9TO4ePuUPXBnUt46YG8tIwnimL3XskMY8F3GafdKWKZt4NxIU4eioadYvGGRcJ2hvfcleG/jL3QxW94a5LCqTH8Sz6IazBObQXcqYkm+pFo/dwMpYQbAuehDm+Wa/PVIBc6GiVXW9KYnVPamUIr7iobjew+Wc= alx@home\n     - ssh-rsa AAAAB3NzaC1yc2EAAAADAQABAAABgQDPlnfuiE27o7/YZY7Xe5m3v4isVrYIrlqqjOgnhplCA76Kz2i4KrRfScaQOugu20TPj5MHn6UgeMVPsuHdmzaViQsIZtC6CWRVdOgtgon3ehqLPWmbiTLb3A1pTuPIg1v/JMyKT5XHa5vrsOldqDxELg4Sq0vUZvokVgv1NO7bCfIuxz6qjbBy5lHTTUYIotEdjLGnVbZhjvOpP35NPdke/OoV4B341ZYwEg3101JAaCP5j0Fakqyf2jFD0TRQej8D2YRtBS2AAhlWT7i1I/yS/3Z7HhB2ALcR43f7HB4w6DI24746Dq7PwvX116KPklgp4GwNWek0Yy3IzM/7tvAqJP6qjIsnI6Kr1NEPbBBcLYaXllrpJKriBzaBP2Fsz4q0veP3uiCporWlvkFNWMc64KN5FHTOdhC/hPEd0JgiFxVMqI9fDJoo/YXP52gb5ZjjKjwStjD+yC96gaasDMq1ceUsJxDsgitOiGH32Bcb9Btqbbt33oWFTdcR3tOTliM= alx@home \n     - ssh-rsa AAAAB3NzaC1yc2EAAAADAQABAAABgQD1l8wQOalTWupmeVADWEyhbBDQzo2lfT7nwEdNGPUB/xRw9Odd4b+XdYu1rKACHTVMZhH0WJ55JUScSYQXfBRnzavxRuXKxMPaZo3yfXrn+jyssRjYcKQEcsmYbPUWnhzldat8KcCE3Vf6PuEjCS83OjoNy3K3DGuwsVV4JPEkhIAPqvKuhS3l99hnSxZH0zinj4/gby/mBGv+Yt1LUTw6b4ly6A3O+4SegtZDSekZEC0xpThYu+nuQIVYZLyLywgdLpjxaS0RA/L0Q7wfqmRuCf6xnLepoZ2qPxonNApUt0PLric6jR5hncNI857zQ63VYDh5a5QKGKuZloRG2j+zJYvqrX5UNwsuTXkNw0nDVhPaRi37lH4rPbFOSqlyOX3b/sVvhlkJNWdBzR0FkbzPwZwxaxP9kJxKMPKz6t66FFRbHWxA+wsnEYhx4fv7YV1YuO4iZY1FIZMYrprkRUrYZKSF/ZJvLjJlAqMZl+UESxOoUJa5XQaTgmWFyp0u4q8= alx@home \n     - ssh-rsa AAAAB3NzaC1yc2EAAAADAQABAAABgQDF3fmMdhx6JWDeBxOaU88QEZVkoipZFBF7MsF4RxkLGXah3+8KPRnV5bSXImy+4uDHB7mIZYDKzXPeg4gHi+RKHp2/KgGN7Foyo9OdMMFtk4RU7OTtOs0sfkksTJ37HIpWEcLX0fzIKENBkV/eM0TyV/9Lnw9kk/FINmhEc3tSp8i8r5Jk2kWR5ynNr1NJ6UKGulHJgtyJsiPDMOrimi5Z5ItPnlng9CaJr+vcFEXSS5nZ99iGeiHchZUflMU5tcDcAZrbKic/J3pXGgfcPJAQmKo9+W169WIAKPj2UklQNiTXZTmII+48wS61dYpqdPzMDJcqL7X1c314Dwrns8gq0rH7ASYHX5s8dlwciWwGEVu7a+obQLhDoNVm/15SSrg/o2EfxbHF+vXPhFc8wcGWZ35ekOsPLRp3CXHvwRekI2YwtH5bd4Ddcvuf9UINitcK3nvaFD+licH0NgVF1TTa9jkE3WqhGQx7YAIKtdcYam6vJXvS3cHY4feipSHpdFM= alx@home\n     - ssh-rsa AAAAB3NzaC1yc2EAAAADAQABAAABgQCki94vdR/w2IeKJiXj6sm8cor+9EVY5XgHvtmsvmetUzFieCZQyUqxJ2nXsr/2bvqtB3ffiq1jLM/R36Oniij+BhDTWaFoSY02l0zrJeUkg0gnlJjN9vRoNI5us5ojoBSIM3MLbwRoE3k2iECaQvFTRzddlrKBxVD4Bk3JnnwVfBfP9trqcOSYn+iDcdZCmaWCA5fOIwkUC/gKi6N/SYUevWDOMAGPpCQscluR13zuPz8C/HggC6oO/vTlDDI/kodpyqVLU/ESv+IhRdXKFf85kIUrt9BpugSEd1Y2DJBKfcFwWvqilU7GAKCJnQCezO4w79bu3R1//+QNqHVFjajsWuFYZutIkyMw2iWbvjyrZvHfydvDjkswxX+iuSah1IOi6HYbRYmnatSeJuVeP4Rwzn4cdvUxjLE9FXY+f2dKjyv0I1O4QkJ1f1MHTs+r9CcGEUqC/AcfrU6tKsBOtnyl1ME0xy7hDkjLTKH1g9Bj+YQv7O28z/Oq9guVszvqvB8= alx@home\n"
                },
                "name": "",
                "network_interface": [
                  {
                    "dns_record": [],
                    "ip_address": "",
                    "ipv4": true,
                    "ipv6": false,
                    "ipv6_address": "",
                    "ipv6_dns_record": [],
                    "nat": false,
                    "nat_dns_record": [],
                    "nat_ip_address": "",
                    "network_id": "enp1b8f8eecc2217of2r",
                    "security_group_ids": [],
                    "subnet_ids": [
                      "e2ljtevfp2u464j36lgh",
                      "e9bpdj9gsd6m817l6bm7"
                    ]
                  }
                ],
                "network_settings": [],
                "placement_policy": [],
                "platform_id": "standard-v1",
                "resources": [
                  {
                    "core_fraction": 20,
                    "cores": 4,
                    "gpus": 0,
                    "memory": 4
                  }
                ],
                "scheduling_policy": [
                  {
                    "preemptible": false
                  }
                ],
                "secondary_disk": [],
                "service_account_id": ""
              }
            ],
            "instances": [
              {
                "fqdn": "cl1ikde1u8d3vrt9qke3-ijub.ru-central1.internal",
                "instance_id": "epdrdpqgtgre3r94enrh",
                "name": "cl1ikde1u8d3vrt9qke3-ijub",
                "network_interface": [
                  {
                    "index": 0,
                    "ip_address": "192.168.10.31",
                    "ipv4": true,
                    "ipv6": false,
                    "ipv6_address": "",
                    "mac_address": "d0:0d:1b:6e:75:0e",
                    "nat": false,
                    "nat_ip_address": "",
                    "nat_ip_version": "",
                    "subnet_id": "e2ljtevfp2u464j36lgh"
                  }
                ],
                "status": "STOPPING_INSTANCE",
                "status_changed_at": "2022-07-18T12:18:02Z",
                "status_message": "[PERMISSION_DENIED] Permission denied to instance epdrdpqgtgre3r94enrh",
                "zone_id": "ru-central1-b"
              },
              {
                "fqdn": "cl1ikde1u8d3vrt9qke3-asep.ru-central1.internal",
                "instance_id": "fhmf6rqrasbc67gouhu3",
                "name": "cl1ikde1u8d3vrt9qke3-asep",
                "network_interface": [
                  {
                    "index": 0,
                    "ip_address": "192.168.0.36",
                    "ipv4": true,
                    "ipv6": false,
                    "ipv6_address": "",
                    "mac_address": "d0:0d:f3:6f:5b:57",
                    "nat": false,
                    "nat_ip_address": "",
                    "nat_ip_version": "",
                    "subnet_id": "e9bpdj9gsd6m817l6bm7"
                  }
                ],
                "status": "STOPPING_INSTANCE",
                "status_changed_at": "2022-07-18T12:18:02Z",
                "status_message": "[PERMISSION_DENIED] Permission denied to instance fhmf6rqrasbc67gouhu3",
                "zone_id": "ru-central1-a"
              }
            ],
            "labels": {},
            "load_balancer": [],
            "max_checking_health_duration": null,
            "name": "http",
            "scale_policy": [
              {
                "auto_scale": [],
                "fixed_scale": [
                  {
                    "size": 2
                  }
                ],
                "test_auto_scale": []
              }
            ],
            "service_account_id": "ajec84hftlhnchm2q13l",
            "status": "DELETING",
            "timeouts": null,
            "variables": {}
          },
          "sensitive_attributes": [],
          "private": "eyJlMmJmYjczMC1lY2FhLTExZTYtOGY4OC0zNDM2M2JjN2M0YzAiOnsiY3JlYXRlIjoxODAwMDAwMDAwMDAwLCJkZWxldGUiOjE4MDAwMDAwMDAwMDAsInVwZGF0ZSI6MTgwMDAwMDAwMDAwMH19",
          "dependencies": [
            "yandex_iam_service_account.alxup",
            "yandex_vpc_network.network-1",
            "yandex_vpc_subnet.subnet-1",
            "yandex_vpc_subnet.subnet-2"
          ]
        }
      ]
    },
    {
      "mode": "managed",
      "type": "yandex_iam_service_account",
      "name": "alxup",
      "provider": "provider[\"registry.terraform.io/yandex-cloud/yandex\"]",
      "instances": [
        {
          "schema_version": 0,
          "attributes": {
            "created_at": "2022-07-18T12:10:44Z",
            "description": "service account to manage IG",
            "folder_id": "b1gfvhkruu80dhlor8th",
            "id": "ajec84hftlhnchm2q13l",
            "name": "alxup",
            "timeouts": null
          },
          "sensitive_attributes": [],
          "private": "eyJlMmJmYjczMC1lY2FhLTExZTYtOGY4OC0zNDM2M2JjN2M0YzAiOnsiY3JlYXRlIjo2MDAwMDAwMDAwMCwiZGVsZXRlIjo2MDAwMDAwMDAwMCwidXBkYXRlIjo2MDAwMDAwMDAwMH19"
        }
      ]
    },
    {
      "mode": "managed",
      "type": "yandex_vpc_network",
      "name": "network-1",
      "provider": "provider[\"registry.terraform.io/yandex-cloud/yandex\"]",
      "instances": [
        {
          "schema_version": 0,
          "attributes": {
            "created_at": "2022-07-18T12:10:44Z",
            "default_security_group_id": "",
            "description": "",
            "folder_id": "b1gfvhkruu80dhlor8th",
            "id": "enp1b8f8eecc2217of2r",
            "labels": {},
            "name": "network-1",
            "subnet_ids": [
              "e2ljtevfp2u464j36lgh",
              "e9bpdj9gsd6m817l6bm7"
            ],
            "timeouts": null
          },
          "sensitive_attributes": [],
          "private": "eyJlMmJmYjczMC1lY2FhLTExZTYtOGY4OC0zNDM2M2JjN2M0YzAiOnsiY3JlYXRlIjo2MDAwMDAwMDAwMCwiZGVsZXRlIjo2MDAwMDAwMDAwMCwidXBkYXRlIjo2MDAwMDAwMDAwMH19"
        }
      ]
    },
    {
      "mode": "managed",
      "type": "yandex_vpc_subnet",
      "name": "subnet-1",
      "provider": "provider[\"registry.terraform.io/yandex-cloud/yandex\"]",
      "instances": [
        {
          "schema_version": 0,
          "attributes": {
            "created_at": "2022-07-18T12:10:46Z",
            "description": "",
            "dhcp_options": [],
            "folder_id": "b1gfvhkruu80dhlor8th",
            "id": "e9bpdj9gsd6m817l6bm7",
            "labels": {},
            "name": "subnet1",
            "network_id": "enp1b8f8eecc2217of2r",
            "route_table_id": "",
            "timeouts": null,
            "v4_cidr_blocks": [
              "192.168.0.0/24"
            ],
            "v6_cidr_blocks": [],
            "zone": "ru-central1-a"
          },
          "sensitive_attributes": [],
          "private": "eyJlMmJmYjczMC1lY2FhLTExZTYtOGY4OC0zNDM2M2JjN2M0YzAiOnsiY3JlYXRlIjoxODAwMDAwMDAwMDAsImRlbGV0ZSI6MTgwMDAwMDAwMDAwLCJ1cGRhdGUiOjE4MDAwMDAwMDAwMH19",
          "dependencies": [
            "yandex_vpc_network.network-1"
          ]
        }
      ]
    },
    {
      "mode": "managed",
      "type": "yandex_vpc_subnet",
      "name": "subnet-2",
      "provider": "provider[\"registry.terraform.io/yandex-cloud/yandex\"]",
      "instances": [
        {
          "schema_version": 0,
          "attributes": {
            "created_at": "2022-07-18T12:10:45Z",
            "description": "",
            "dhcp_options": [],
            "folder_id": "b1gfvhkruu80dhlor8th",
            "id": "e2ljtevfp2u464j36lgh",
            "labels": {},
            "name": "subnet2",
            "network_id": "enp1b8f8eecc2217of2r",
            "route_table_id": "",
            "timeouts": null,
            "v4_cidr_blocks": [
              "192.168.10.0/24"
            ],
            "v6_cidr_blocks": [],
            "zone": "ru-central1-b"
          },
          "sensitive_attributes": [],
          "private": "eyJlMmJmYjczMC1lY2FhLTExZTYtOGY4OC0zNDM2M2JjN2M0YzAiOnsiY3JlYXRlIjoxODAwMDAwMDAwMDAsImRlbGV0ZSI6MTgwMDAwMDAwMDAwLCJ1cGRhdGUiOjE4MDAwMDAwMDAwMH19",
          "dependencies": [
            "yandex_vpc_network.network-1"
          ]
        }
      ]
    }
  ]
}
